// !$*UTF8*$!
{
	archiveVersion = 1;
	classes = {
	};
	objectVersion = 50;
	objects = {

/* Begin PBXBuildFile section */
		3D71884E2187420100D9A159 /* AppDelegate.swift in Sources */ = {isa = PBXBuildFile; fileRef = 3D71884D2187420100D9A159 /* AppDelegate.swift */; };
		3D7188502187420100D9A159 /* ViewController.swift in Sources */ = {isa = PBXBuildFile; fileRef = 3D71884F2187420100D9A159 /* ViewController.swift */; };
		3D7188532187420100D9A159 /* Main.storyboard in Resources */ = {isa = PBXBuildFile; fileRef = 3D7188512187420100D9A159 /* Main.storyboard */; };
		3D7188552187420200D9A159 /* Assets.xcassets in Resources */ = {isa = PBXBuildFile; fileRef = 3D7188542187420200D9A159 /* Assets.xcassets */; };
		3D7188582187420200D9A159 /* LaunchScreen.storyboard in Resources */ = {isa = PBXBuildFile; fileRef = 3D7188562187420200D9A159 /* LaunchScreen.storyboard */; };
		3D7188632187420200D9A159 /* ReproFBSnapshotTestCaseProblemTests.swift in Sources */ = {isa = PBXBuildFile; fileRef = 3D7188622187420200D9A159 /* ReproFBSnapshotTestCaseProblemTests.swift */; };
		3D7188702187444D00D9A159 /* ReproFBSnapshotTestCaseProblemObjCTests.m in Sources */ = {isa = PBXBuildFile; fileRef = 3D71886F2187444D00D9A159 /* ReproFBSnapshotTestCaseProblemObjCTests.m */; };
		A5E4994090AD4B0CAB37C408 /* libPods-ReproFBSnapshotTestCaseProblemTests.a in Frameworks */ = {isa = PBXBuildFile; fileRef = B4EB9E854C7D0EACA17C5C6A /* libPods-ReproFBSnapshotTestCaseProblemTests.a */; };
/* End PBXBuildFile section */

/* Begin PBXContainerItemProxy section */
		3D71885F2187420200D9A159 /* PBXContainerItemProxy */ = {
			isa = PBXContainerItemProxy;
			containerPortal = 3D7188422187420100D9A159 /* Project object */;
			proxyType = 1;
			remoteGlobalIDString = 3D7188492187420100D9A159;
			remoteInfo = ReproFBSnapshotTestCaseProblem;
		};
/* End PBXContainerItemProxy section */

/* Begin PBXFileReference section */
		2E3C233D407F37F61F8BAF25 /* Pods-ReproFBSnapshotTestCaseProblemTests.release.xcconfig */ = {isa = PBXFileReference; includeInIndex = 1; lastKnownFileType = text.xcconfig; name = "Pods-ReproFBSnapshotTestCaseProblemTests.release.xcconfig"; path = "Target Support Files/Pods-ReproFBSnapshotTestCaseProblemTests/Pods-ReproFBSnapshotTestCaseProblemTests.release.xcconfig"; sourceTree = "<group>"; };
		3D71884A2187420100D9A159 /* ReproFBSnapshotTestCaseProblem.app */ = {isa = PBXFileReference; explicitFileType = wrapper.application; includeInIndex = 0; path = ReproFBSnapshotTestCaseProblem.app; sourceTree = BUILT_PRODUCTS_DIR; };
		3D71884D2187420100D9A159 /* AppDelegate.swift */ = {isa = PBXFileReference; lastKnownFileType = sourcecode.swift; path = AppDelegate.swift; sourceTree = "<group>"; };
		3D71884F2187420100D9A159 /* ViewController.swift */ = {isa = PBXFileReference; lastKnownFileType = sourcecode.swift; path = ViewController.swift; sourceTree = "<group>"; };
		3D7188522187420100D9A159 /* Base */ = {isa = PBXFileReference; lastKnownFileType = file.storyboard; name = Base; path = Base.lproj/Main.storyboard; sourceTree = "<group>"; };
		3D7188542187420200D9A159 /* Assets.xcassets */ = {isa = PBXFileReference; lastKnownFileType = folder.assetcatalog; path = Assets.xcassets; sourceTree = "<group>"; };
		3D7188572187420200D9A159 /* Base */ = {isa = PBXFileReference; lastKnownFileType = file.storyboard; name = Base; path = Base.lproj/LaunchScreen.storyboard; sourceTree = "<group>"; };
		3D7188592187420200D9A159 /* Info.plist */ = {isa = PBXFileReference; lastKnownFileType = text.plist.xml; path = Info.plist; sourceTree = "<group>"; };
		3D71885E2187420200D9A159 /* ReproFBSnapshotTestCaseProblemTests.xctest */ = {isa = PBXFileReference; explicitFileType = wrapper.cfbundle; includeInIndex = 0; path = ReproFBSnapshotTestCaseProblemTests.xctest; sourceTree = BUILT_PRODUCTS_DIR; };
		3D7188622187420200D9A159 /* ReproFBSnapshotTestCaseProblemTests.swift */ = {isa = PBXFileReference; lastKnownFileType = sourcecode.swift; path = ReproFBSnapshotTestCaseProblemTests.swift; sourceTree = "<group>"; };
		3D7188642187420200D9A159 /* Info.plist */ = {isa = PBXFileReference; lastKnownFileType = text.plist.xml; path = Info.plist; sourceTree = "<group>"; };
		3D71886D2187444D00D9A159 /* ReproFBSnapshotTestCaseProblemTests-Bridging-Header.h */ = {isa = PBXFileReference; lastKnownFileType = sourcecode.c.h; path = "ReproFBSnapshotTestCaseProblemTests-Bridging-Header.h"; sourceTree = "<group>"; };
		3D71886F2187444D00D9A159 /* ReproFBSnapshotTestCaseProblemObjCTests.m */ = {isa = PBXFileReference; lastKnownFileType = sourcecode.c.objc; path = ReproFBSnapshotTestCaseProblemObjCTests.m; sourceTree = "<group>"; };
		A14AFB3BFC32963F6F91B3F3 /* Pods-ReproFBSnapshotTestCaseProblemTests.debug.xcconfig */ = {isa = PBXFileReference; includeInIndex = 1; lastKnownFileType = text.xcconfig; name = "Pods-ReproFBSnapshotTestCaseProblemTests.debug.xcconfig"; path = "Target Support Files/Pods-ReproFBSnapshotTestCaseProblemTests/Pods-ReproFBSnapshotTestCaseProblemTests.debug.xcconfig"; sourceTree = "<group>"; };
		B4EB9E854C7D0EACA17C5C6A /* libPods-ReproFBSnapshotTestCaseProblemTests.a */ = {isa = PBXFileReference; explicitFileType = archive.ar; includeInIndex = 0; path = "libPods-ReproFBSnapshotTestCaseProblemTests.a"; sourceTree = BUILT_PRODUCTS_DIR; };
/* End PBXFileReference section */

/* Begin PBXFrameworksBuildPhase section */
		3D7188472187420100D9A159 /* Frameworks */ = {
			isa = PBXFrameworksBuildPhase;
			buildActionMask = 2147483647;
			files = (
			);
			runOnlyForDeploymentPostprocessing = 0;
		};
		3D71885B2187420200D9A159 /* Frameworks */ = {
			isa = PBXFrameworksBuildPhase;
			buildActionMask = 2147483647;
			files = (
				A5E4994090AD4B0CAB37C408 /* libPods-ReproFBSnapshotTestCaseProblemTests.a in Frameworks */,
			);
			runOnlyForDeploymentPostprocessing = 0;
		};
/* End PBXFrameworksBuildPhase section */

/* Begin PBXGroup section */
		3D7188412187420100D9A159 = {
			isa = PBXGroup;
			children = (
				3D71884C2187420100D9A159 /* ReproFBSnapshotTestCaseProblem */,
				3D7188612187420200D9A159 /* ReproFBSnapshotTestCaseProblemTests */,
				3D71884B2187420100D9A159 /* Products */,
				D4BF1F4B93102DBB1934BF90 /* Pods */,
				4D0DD24CBC0F8FEC1D175B65 /* Frameworks */,
			);
			sourceTree = "<group>";
		};
		3D71884B2187420100D9A159 /* Products */ = {
			isa = PBXGroup;
			children = (
				3D71884A2187420100D9A159 /* ReproFBSnapshotTestCaseProblem.app */,
				3D71885E2187420200D9A159 /* ReproFBSnapshotTestCaseProblemTests.xctest */,
			);
			name = Products;
			sourceTree = "<group>";
		};
		3D71884C2187420100D9A159 /* ReproFBSnapshotTestCaseProblem */ = {
			isa = PBXGroup;
			children = (
				3D71884D2187420100D9A159 /* AppDelegate.swift */,
				3D71884F2187420100D9A159 /* ViewController.swift */,
				3D7188512187420100D9A159 /* Main.storyboard */,
				3D7188542187420200D9A159 /* Assets.xcassets */,
				3D7188562187420200D9A159 /* LaunchScreen.storyboard */,
				3D7188592187420200D9A159 /* Info.plist */,
			);
			path = ReproFBSnapshotTestCaseProblem;
			sourceTree = "<group>";
		};
		3D7188612187420200D9A159 /* ReproFBSnapshotTestCaseProblemTests */ = {
			isa = PBXGroup;
			children = (
				3D7188622187420200D9A159 /* ReproFBSnapshotTestCaseProblemTests.swift */,
				3D7188642187420200D9A159 /* Info.plist */,
				3D71886F2187444D00D9A159 /* ReproFBSnapshotTestCaseProblemObjCTests.m */,
				3D71886D2187444D00D9A159 /* ReproFBSnapshotTestCaseProblemTests-Bridging-Header.h */,
			);
			path = ReproFBSnapshotTestCaseProblemTests;
			sourceTree = "<group>";
		};
		4D0DD24CBC0F8FEC1D175B65 /* Frameworks */ = {
			isa = PBXGroup;
			children = (
				B4EB9E854C7D0EACA17C5C6A /* libPods-ReproFBSnapshotTestCaseProblemTests.a */,
			);
			name = Frameworks;
			sourceTree = "<group>";
		};
		D4BF1F4B93102DBB1934BF90 /* Pods */ = {
			isa = PBXGroup;
			children = (
				A14AFB3BFC32963F6F91B3F3 /* Pods-ReproFBSnapshotTestCaseProblemTests.debug.xcconfig */,
				2E3C233D407F37F61F8BAF25 /* Pods-ReproFBSnapshotTestCaseProblemTests.release.xcconfig */,
			);
			path = Pods;
			sourceTree = "<group>";
		};
/* End PBXGroup section */

/* Begin PBXNativeTarget section */
		3D7188492187420100D9A159 /* ReproFBSnapshotTestCaseProblem */ = {
			isa = PBXNativeTarget;
			buildConfigurationList = 3D7188672187420200D9A159 /* Build configuration list for PBXNativeTarget "ReproFBSnapshotTestCaseProblem" */;
			buildPhases = (
				3D7188462187420100D9A159 /* Sources */,
				3D7188472187420100D9A159 /* Frameworks */,
				3D7188482187420100D9A159 /* Resources */,
			);
			buildRules = (
			);
			dependencies = (
			);
			name = ReproFBSnapshotTestCaseProblem;
			productName = ReproFBSnapshotTestCaseProblem;
			productReference = 3D71884A2187420100D9A159 /* ReproFBSnapshotTestCaseProblem.app */;
			productType = "com.apple.product-type.application";
		};
		3D71885D2187420200D9A159 /* ReproFBSnapshotTestCaseProblemTests */ = {
			isa = PBXNativeTarget;
			buildConfigurationList = 3D71886A2187420200D9A159 /* Build configuration list for PBXNativeTarget "ReproFBSnapshotTestCaseProblemTests" */;
			buildPhases = (
				4CCB4585C326C90CA31FCA95 /* [CP] Check Pods Manifest.lock */,
				3D71885A2187420200D9A159 /* Sources */,
				3D71885B2187420200D9A159 /* Frameworks */,
				3D71885C2187420200D9A159 /* Resources */,
			);
			buildRules = (
			);
			dependencies = (
				3D7188602187420200D9A159 /* PBXTargetDependency */,
			);
			name = ReproFBSnapshotTestCaseProblemTests;
			productName = ReproFBSnapshotTestCaseProblemTests;
			productReference = 3D71885E2187420200D9A159 /* ReproFBSnapshotTestCaseProblemTests.xctest */;
			productType = "com.apple.product-type.bundle.unit-test";
		};
/* End PBXNativeTarget section */

/* Begin PBXProject section */
		3D7188422187420100D9A159 /* Project object */ = {
			isa = PBXProject;
			attributes = {
				LastSwiftUpdateCheck = 1000;
				LastUpgradeCheck = 1000;
				ORGANIZATIONNAME = "Russell Porter";
				TargetAttributes = {
					3D7188492187420100D9A159 = {
						CreatedOnToolsVersion = 10.0;
					};
					3D71885D2187420200D9A159 = {
						CreatedOnToolsVersion = 10.0;
						LastSwiftMigration = 1000;
						TestTargetID = 3D7188492187420100D9A159;
					};
				};
			};
			buildConfigurationList = 3D7188452187420100D9A159 /* Build configuration list for PBXProject "ReproFBSnapshotTestCaseProblem" */;
			compatibilityVersion = "Xcode 9.3";
			developmentRegion = en;
			hasScannedForEncodings = 0;
			knownRegions = (
				en,
				Base,
			);
			mainGroup = 3D7188412187420100D9A159;
			productRefGroup = 3D71884B2187420100D9A159 /* Products */;
			projectDirPath = "";
			projectRoot = "";
			targets = (
				3D7188492187420100D9A159 /* ReproFBSnapshotTestCaseProblem */,
				3D71885D2187420200D9A159 /* ReproFBSnapshotTestCaseProblemTests */,
			);
		};
/* End PBXProject section */

/* Begin PBXResourcesBuildPhase section */
		3D7188482187420100D9A159 /* Resources */ = {
			isa = PBXResourcesBuildPhase;
			buildActionMask = 2147483647;
			files = (
				3D7188582187420200D9A159 /* LaunchScreen.storyboard in Resources */,
				3D7188552187420200D9A159 /* Assets.xcassets in Resources */,
				3D7188532187420100D9A159 /* Main.storyboard in Resources */,
			);
			runOnlyForDeploymentPostprocessing = 0;
		};
		3D71885C2187420200D9A159 /* Resources */ = {
			isa = PBXResourcesBuildPhase;
			buildActionMask = 2147483647;
			files = (
			);
			runOnlyForDeploymentPostprocessing = 0;
		};
/* End PBXResourcesBuildPhase section */

/* Begin PBXShellScriptBuildPhase section */
		4CCB4585C326C90CA31FCA95 /* [CP] Check Pods Manifest.lock */ = {
			isa = PBXShellScriptBuildPhase;
			buildActionMask = 2147483647;
			files = (
			);
			inputFileListPaths = (
			);
			inputPaths = (
				"${PODS_PODFILE_DIR_PATH}/Podfile.lock",
				"${PODS_ROOT}/Manifest.lock",
			);
			name = "[CP] Check Pods Manifest.lock";
			outputFileListPaths = (
			);
			outputPaths = (
				"$(DERIVED_FILE_DIR)/Pods-ReproFBSnapshotTestCaseProblemTests-checkManifestLockResult.txt",
			);
			runOnlyForDeploymentPostprocessing = 0;
			shellPath = /bin/sh;
			shellScript = "diff \"${PODS_PODFILE_DIR_PATH}/Podfile.lock\" \"${PODS_ROOT}/Manifest.lock\" > /dev/null\nif [ $? != 0 ] ; then\n    # print error to STDERR\n    echo \"error: The sandbox is not in sync with the Podfile.lock. Run 'pod install' or update your CocoaPods installation.\" >&2\n    exit 1\nfi\n# This output is used by Xcode 'outputs' to avoid re-running this script phase.\necho \"SUCCESS\" > \"${SCRIPT_OUTPUT_FILE_0}\"\n";
			showEnvVarsInLog = 0;
		};
/* End PBXShellScriptBuildPhase section */

/* Begin PBXSourcesBuildPhase section */
		3D7188462187420100D9A159 /* Sources */ = {
			isa = PBXSourcesBuildPhase;
			buildActionMask = 2147483647;
			files = (
				3D7188502187420100D9A159 /* ViewController.swift in Sources */,
				3D71884E2187420100D9A159 /* AppDelegate.swift in Sources */,
			);
			runOnlyForDeploymentPostprocessing = 0;
		};
		3D71885A2187420200D9A159 /* Sources */ = {
			isa = PBXSourcesBuildPhase;
			buildActionMask = 2147483647;
			files = (
				3D7188702187444D00D9A159 /* ReproFBSnapshotTestCaseProblemObjCTests.m in Sources */,
				3D7188632187420200D9A159 /* ReproFBSnapshotTestCaseProblemTests.swift in Sources */,
			);
			runOnlyForDeploymentPostprocessing = 0;
		};
/* End PBXSourcesBuildPhase section */

/* Begin PBXTargetDependency section */
		3D7188602187420200D9A159 /* PBXTargetDependency */ = {
			isa = PBXTargetDependency;
			target = 3D7188492187420100D9A159 /* ReproFBSnapshotTestCaseProblem */;
			targetProxy = 3D71885F2187420200D9A159 /* PBXContainerItemProxy */;
		};
/* End PBXTargetDependency section */

/* Begin PBXVariantGroup section */
		3D7188512187420100D9A159 /* Main.storyboard */ = {
			isa = PBXVariantGroup;
			children = (
				3D7188522187420100D9A159 /* Base */,
			);
			name = Main.storyboard;
			sourceTree = "<group>";
		};
		3D7188562187420200D9A159 /* LaunchScreen.storyboard */ = {
			isa = PBXVariantGroup;
			children = (
				3D7188572187420200D9A159 /* Base */,
			);
			name = LaunchScreen.storyboard;
			sourceTree = "<group>";
		};
/* End PBXVariantGroup section */

/* Begin XCBuildConfiguration section */
		3D7188652187420200D9A159 /* Debug */ = {
			isa = XCBuildConfiguration;
			buildSettings = {
				ALWAYS_SEARCH_USER_PATHS = NO;
				CLANG_ANALYZER_NONNULL = YES;
				CLANG_ANALYZER_NUMBER_OBJECT_CONVERSION = YES_AGGRESSIVE;
				CLANG_CXX_LANGUAGE_STANDARD = "gnu++14";
				CLANG_CXX_LIBRARY = "libc++";
				CLANG_ENABLE_MODULES = YES;
				CLANG_ENABLE_OBJC_ARC = YES;
				CLANG_ENABLE_OBJC_WEAK = YES;
				CLANG_WARN_BLOCK_CAPTURE_AUTORELEASING = YES;
				CLANG_WARN_BOOL_CONVERSION = YES;
				CLANG_WARN_COMMA = YES;
				CLANG_WARN_CONSTANT_CONVERSION = YES;
				CLANG_WARN_DEPRECATED_OBJC_IMPLEMENTATIONS = YES;
				CLANG_WARN_DIRECT_OBJC_ISA_USAGE = YES_ERROR;
				CLANG_WARN_DOCUMENTATION_COMMENTS = YES;
				CLANG_WARN_EMPTY_BODY = YES;
				CLANG_WARN_ENUM_CONVERSION = YES;
				CLANG_WARN_INFINITE_RECURSION = YES;
				CLANG_WARN_INT_CONVERSION = YES;
				CLANG_WARN_NON_LITERAL_NULL_CONVERSION = YES;
				CLANG_WARN_OBJC_IMPLICIT_RETAIN_SELF = YES;
				CLANG_WARN_OBJC_LITERAL_CONVERSION = YES;
				CLANG_WARN_OBJC_ROOT_CLASS = YES_ERROR;
				CLANG_WARN_RANGE_LOOP_ANALYSIS = YES;
				CLANG_WARN_STRICT_PROTOTYPES = YES;
				CLANG_WARN_SUSPICIOUS_MOVE = YES;
				CLANG_WARN_UNGUARDED_AVAILABILITY = YES_AGGRESSIVE;
				CLANG_WARN_UNREACHABLE_CODE = YES;
				CLANG_WARN__DUPLICATE_METHOD_MATCH = YES;
				CODE_SIGN_IDENTITY = "iPhone Developer";
				COPY_PHASE_STRIP = NO;
				DEBUG_INFORMATION_FORMAT = dwarf;
				ENABLE_STRICT_OBJC_MSGSEND = YES;
				ENABLE_TESTABILITY = YES;
				GCC_C_LANGUAGE_STANDARD = gnu11;
				GCC_DYNAMIC_NO_PIC = NO;
				GCC_NO_COMMON_BLOCKS = YES;
				GCC_OPTIMIZATION_LEVEL = 0;
				GCC_PREPROCESSOR_DEFINITIONS = (
					"DEBUG=1",
					"$(inherited)",
				);
				GCC_WARN_64_TO_32_BIT_CONVERSION = YES;
				GCC_WARN_ABOUT_RETURN_TYPE = YES_ERROR;
				GCC_WARN_UNDECLARED_SELECTOR = YES;
				GCC_WARN_UNINITIALIZED_AUTOS = YES_AGGRESSIVE;
				GCC_WARN_UNUSED_FUNCTION = YES;
				GCC_WARN_UNUSED_VARIABLE = YES;
				IPHONEOS_DEPLOYMENT_TARGET = 12.0;
				MTL_ENABLE_DEBUG_INFO = INCLUDE_SOURCE;
				MTL_FAST_MATH = YES;
				ONLY_ACTIVE_ARCH = YES;
				SDKROOT = iphoneos;
				SWIFT_ACTIVE_COMPILATION_CONDITIONS = DEBUG;
				SWIFT_OPTIMIZATION_LEVEL = "-Onone";
			};
			name = Debug;
		};
		3D7188662187420200D9A159 /* Release */ = {
			isa = XCBuildConfiguration;
			buildSettings = {
				ALWAYS_SEARCH_USER_PATHS = NO;
				CLANG_ANALYZER_NONNULL = YES;
				CLANG_ANALYZER_NUMBER_OBJECT_CONVERSION = YES_AGGRESSIVE;
				CLANG_CXX_LANGUAGE_STANDARD = "gnu++14";
				CLANG_CXX_LIBRARY = "libc++";
				CLANG_ENABLE_MODULES = YES;
				CLANG_ENABLE_OBJC_ARC = YES;
				CLANG_ENABLE_OBJC_WEAK = YES;
				CLANG_WARN_BLOCK_CAPTURE_AUTORELEASING = YES;
				CLANG_WARN_BOOL_CONVERSION = YES;
				CLANG_WARN_COMMA = YES;
				CLANG_WARN_CONSTANT_CONVERSION = YES;
				CLANG_WARN_DEPRECATED_OBJC_IMPLEMENTATIONS = YES;
				CLANG_WARN_DIRECT_OBJC_ISA_USAGE = YES_ERROR;
				CLANG_WARN_DOCUMENTATION_COMMENTS = YES;
				CLANG_WARN_EMPTY_BODY = YES;
				CLANG_WARN_ENUM_CONVERSION = YES;
				CLANG_WARN_INFINITE_RECURSION = YES;
				CLANG_WARN_INT_CONVERSION = YES;
				CLANG_WARN_NON_LITERAL_NULL_CONVERSION = YES;
				CLANG_WARN_OBJC_IMPLICIT_RETAIN_SELF = YES;
				CLANG_WARN_OBJC_LITERAL_CONVERSION = YES;
				CLANG_WARN_OBJC_ROOT_CLASS = YES_ERROR;
				CLANG_WARN_RANGE_LOOP_ANALYSIS = YES;
				CLANG_WARN_STRICT_PROTOTYPES = YES;
				CLANG_WARN_SUSPICIOUS_MOVE = YES;
				CLANG_WARN_UNGUARDED_AVAILABILITY = YES_AGGRESSIVE;
				CLANG_WARN_UNREACHABLE_CODE = YES;
				CLANG_WARN__DUPLICATE_METHOD_MATCH = YES;
				CODE_SIGN_IDENTITY = "iPhone Developer";
				COPY_PHASE_STRIP = NO;
				DEBUG_INFORMATION_FORMAT = "dwarf-with-dsym";
				ENABLE_NS_ASSERTIONS = NO;
				ENABLE_STRICT_OBJC_MSGSEND = YES;
				GCC_C_LANGUAGE_STANDARD = gnu11;
				GCC_NO_COMMON_BLOCKS = YES;
				GCC_WARN_64_TO_32_BIT_CONVERSION = YES;
				GCC_WARN_ABOUT_RETURN_TYPE = YES_ERROR;
				GCC_WARN_UNDECLARED_SELECTOR = YES;
				GCC_WARN_UNINITIALIZED_AUTOS = YES_AGGRESSIVE;
				GCC_WARN_UNUSED_FUNCTION = YES;
				GCC_WARN_UNUSED_VARIABLE = YES;
				IPHONEOS_DEPLOYMENT_TARGET = 12.0;
				MTL_ENABLE_DEBUG_INFO = NO;
				MTL_FAST_MATH = YES;
				SDKROOT = iphoneos;
				SWIFT_COMPILATION_MODE = wholemodule;
				SWIFT_OPTIMIZATION_LEVEL = "-O";
				VALIDATE_PRODUCT = YES;
			};
			name = Release;
		};
		3D7188682187420200D9A159 /* Debug */ = {
			isa = XCBuildConfiguration;
			buildSettings = {
				ASSETCATALOG_COMPILER_APPICON_NAME = AppIcon;
				CODE_SIGN_STYLE = Automatic;
				DEVELOPMENT_TEAM = UBYVMD92UJ;
				INFOPLIST_FILE = ReproFBSnapshotTestCaseProblem/Info.plist;
				LD_RUNPATH_SEARCH_PATHS = (
					"$(inherited)",
					"@executable_path/Frameworks",
				);
				PRODUCT_BUNDLE_IDENTIFIER = com.autoscout24.ios.ReproFBSnapshotTestCaseProblem;
				PRODUCT_NAME = "$(TARGET_NAME)";
				SWIFT_VERSION = 4.2;
				TARGETED_DEVICE_FAMILY = "1,2";
			};
			name = Debug;
		};
		3D7188692187420200D9A159 /* Release */ = {
			isa = XCBuildConfiguration;
			buildSettings = {
				ASSETCATALOG_COMPILER_APPICON_NAME = AppIcon;
				CODE_SIGN_STYLE = Automatic;
				DEVELOPMENT_TEAM = UBYVMD92UJ;
				INFOPLIST_FILE = ReproFBSnapshotTestCaseProblem/Info.plist;
				LD_RUNPATH_SEARCH_PATHS = (
					"$(inherited)",
					"@executable_path/Frameworks",
				);
				PRODUCT_BUNDLE_IDENTIFIER = com.autoscout24.ios.ReproFBSnapshotTestCaseProblem;
				PRODUCT_NAME = "$(TARGET_NAME)";
				SWIFT_VERSION = 4.2;
				TARGETED_DEVICE_FAMILY = "1,2";
			};
			name = Release;
		};
		3D71886B2187420200D9A159 /* Debug */ = {
			isa = XCBuildConfiguration;
			baseConfigurationReference = A14AFB3BFC32963F6F91B3F3 /* Pods-ReproFBSnapshotTestCaseProblemTests.debug.xcconfig */;
			buildSettings = {
				BUNDLE_LOADER = "$(TEST_HOST)";
				CLANG_ENABLE_MODULES = YES;
				CODE_SIGN_STYLE = Automatic;
				DEVELOPMENT_TEAM = UBYVMD92UJ;
				INFOPLIST_FILE = ReproFBSnapshotTestCaseProblemTests/Info.plist;
				LD_RUNPATH_SEARCH_PATHS = (
					"$(inherited)",
					"@executable_path/Frameworks",
					"@loader_path/Frameworks",
				);
				PRODUCT_BUNDLE_IDENTIFIER = com.autoscout24.ios.ReproFBSnapshotTestCaseProblemTests;
				PRODUCT_NAME = "$(TARGET_NAME)";
				SWIFT_OBJC_BRIDGING_HEADER = "ReproFBSnapshotTestCaseProblemTests/ReproFBSnapshotTestCaseProblemTests-Bridging-Header.h";
				SWIFT_OPTIMIZATION_LEVEL = "-Onone";
				SWIFT_VERSION = 4.2;
				TARGETED_DEVICE_FAMILY = "1,2";
				TEST_HOST = "$(BUILT_PRODUCTS_DIR)/ReproFBSnapshotTestCaseProblem.app/ReproFBSnapshotTestCaseProblem";
			};
			name = Debug;
		};
		3D71886C2187420200D9A159 /* Release */ = {
			isa = XCBuildConfiguration;
			baseConfigurationReference = 2E3C233D407F37F61F8BAF25 /* Pods-ReproFBSnapshotTestCaseProblemTests.release.xcconfig */;
			buildSettings = {
				BUNDLE_LOADER = "$(TEST_HOST)";
				CLANG_ENABLE_MODULES = YES;
				CODE_SIGN_STYLE = Automatic;
				DEVELOPMENT_TEAM = UBYVMD92UJ;
				INFOPLIST_FILE = ReproFBSnapshotTestCaseProblemTests/Info.plist;
				LD_RUNPATH_SEARCH_PATHS = (
					"$(inherited)",
					"@executable_path/Frameworks",
					"@loader_path/Frameworks",
				);
				PRODUCT_BUNDLE_IDENTIFIER = com.autoscout24.ios.ReproFBSnapshotTestCaseProblemTests;
				PRODUCT_NAME = "$(TARGET_NAME)";
				SWIFT_OBJC_BRIDGING_HEADER = "ReproFBSnapshotTestCaseProblemTests/ReproFBSnapshotTestCaseProblemTests-Bridging-Header.h";
				SWIFT_VERSION = 4.2;
				TARGETED_DEVICE_FAMILY = "1,2";
				TEST_HOST = "$(BUILT_PRODUCTS_DIR)/ReproFBSnapshotTestCaseProblem.app/ReproFBSnapshotTestCaseProblem";
			};
			name = Release;
		};
/* End XCBuildConfiguration section */

/* Begin XCConfigurationList section */
		3D7188452187420100D9A159 /* Build configuration list for PBXProject "ReproFBSnapshotTestCaseProblem" */ = {
			isa = XCConfigurationList;
			buildConfigurations = (
				3D7188652187420200D9A159 /* Debug */,
				3D7188662187420200D9A159 /* Release */,
			);
			defaultConfigurationIsVisible = 0;
			defaultConfigurationName = Release;
		};
		3D7188672187420200D9A159 /* Build configuration list for PBXNativeTarget "ReproFBSnapshotTestCaseProblem" */ = {
			isa = XCConfigurationList;
			buildConfigurations = (
				3D7188682187420200D9A159 /* Debug */,
				3D7188692187420200D9A159 /* Release */,
			);
			defaultConfigurationIsVisible = 0;
			defaultConfigurationName = Release;
		};
		3D71886A2187420200D9A159 /* Build configuration list for PBXNativeTarget "ReproFBSnapshotTestCaseProblemTests" */ = {
			isa = XCConfigurationList;
			buildConfigurations = (
				3D71886B2187420200D9A159 /* Debug */,
				3D71886C2187420200D9A159 /* Release */,
			);
			defaultConfigurationIsVisible = 0;
			defaultConfigurationName = Release;
		};
/* End XCConfigurationList section */
	};
	rootObject = 3D7188422187420100D9A159 /* Project object */;
}
